// !$*UTF8*$!
{
	archiveVersion = 1;
	classes = {
	};
	objectVersion = 51;
	objects = {

/* Begin PBXBuildFile section */
		0B12CA8CE6892A8CA463DFCB /* Pods_iOS_Demo.framework in Frameworks */ = {isa = PBXBuildFile; fileRef = 9DECF13043BB908BFF46EB4D /* Pods_iOS_Demo.framework */; };
		1ABAE13F26B829C30050BEFF /* AppDelegate.swift in Sources */ = {isa = PBXBuildFile; fileRef = 1ABAE13E26B829C30050BEFF /* AppDelegate.swift */; };
		1ABAE14126B829C30050BEFF /* SceneDelegate.swift in Sources */ = {isa = PBXBuildFile; fileRef = 1ABAE14026B829C30050BEFF /* SceneDelegate.swift */; };
		1ABAE14326B829C30050BEFF /* ViewController.swift in Sources */ = {isa = PBXBuildFile; fileRef = 1ABAE14226B829C30050BEFF /* ViewController.swift */; };
		1ABAE14626B829C30050BEFF /* Main.storyboard in Resources */ = {isa = PBXBuildFile; fileRef = 1ABAE14426B829C30050BEFF /* Main.storyboard */; };
		1ABAE14826B829C60050BEFF /* Assets.xcassets in Resources */ = {isa = PBXBuildFile; fileRef = 1ABAE14726B829C60050BEFF /* Assets.xcassets */; };
		1ABAE14B26B829C60050BEFF /* LaunchScreen.storyboard in Resources */ = {isa = PBXBuildFile; fileRef = 1ABAE14926B829C60050BEFF /* LaunchScreen.storyboard */; };
		1ABAE15626B829C60050BEFF /* Bitrise_iOS_Cocoapods_SampleTests.swift in Sources */ = {isa = PBXBuildFile; fileRef = 1ABAE15526B829C60050BEFF /* Bitrise_iOS_Cocoapods_SampleTests.swift */; };
		1ABAE16126B829C60050BEFF /* Bitrise_iOS_Cocoapods_SampleUITests.swift in Sources */ = {isa = PBXBuildFile; fileRef = 1ABAE16026B829C60050BEFF /* Bitrise_iOS_Cocoapods_SampleUITests.swift */; };
		1ABAE17026B83EFD0050BEFF /* WebHelper.swift in Sources */ = {isa = PBXBuildFile; fileRef = 1ABAE16F26B83EFD0050BEFF /* WebHelper.swift */; };
		1ABAE17126B83EFD0050BEFF /* WebHelper.swift in Sources */ = {isa = PBXBuildFile; fileRef = 1ABAE16F26B83EFD0050BEFF /* WebHelper.swift */; };
		1ABAE17226B83EFD0050BEFF /* WebHelper.swift in Sources */ = {isa = PBXBuildFile; fileRef = 1ABAE16F26B83EFD0050BEFF /* WebHelper.swift */; };
		B32FD27C3D6D4D4695D060EF /* Pods_iOS_DemoTests.framework in Frameworks */ = {isa = PBXBuildFile; fileRef = 27271828AF2371677E023F25 /* Pods_iOS_DemoTests.framework */; };
		B51CC0BF787A5DF43ACEDAAA /* Pods_iOS_Demo_iOS_DemoUITests.framework in Frameworks */ = {isa = PBXBuildFile; fileRef = 615D5B22810AEAE6AFDB3FAB /* Pods_iOS_Demo_iOS_DemoUITests.framework */; };
/* End PBXBuildFile section */

/* Begin PBXContainerItemProxy section */
		1ABAE15226B829C60050BEFF /* PBXContainerItemProxy */ = {
			isa = PBXContainerItemProxy;
			containerPortal = 1ABAE13326B829C30050BEFF /* Project object */;
			proxyType = 1;
			remoteGlobalIDString = 1ABAE13A26B829C30050BEFF;
			remoteInfo = "iOS Demo";
		};
		1ABAE15D26B829C60050BEFF /* PBXContainerItemProxy */ = {
			isa = PBXContainerItemProxy;
			containerPortal = 1ABAE13326B829C30050BEFF /* Project object */;
			proxyType = 1;
			remoteGlobalIDString = 1ABAE13A26B829C30050BEFF;
			remoteInfo = "iOS Demo";
		};
/* End PBXContainerItemProxy section */

/* Begin PBXFileReference section */
		139D5BC77621F2BFF4355A98 /* Pods-iOS Demo-iOS DemoUITests.release.xcconfig */ = {isa = PBXFileReference; includeInIndex = 1; lastKnownFileType = text.xcconfig; name = "Pods-iOS Demo-iOS DemoUITests.release.xcconfig"; path = "Target Support Files/Pods-iOS Demo-iOS DemoUITests/Pods-iOS Demo-iOS DemoUITests.release.xcconfig"; sourceTree = "<group>"; };
		1A9C0807BC95522863D5F2AD /* Pods-iOS DemoTests.release.xcconfig */ = {isa = PBXFileReference; includeInIndex = 1; lastKnownFileType = text.xcconfig; name = "Pods-iOS DemoTests.release.xcconfig"; path = "Target Support Files/Pods-iOS DemoTests/Pods-iOS DemoTests.release.xcconfig"; sourceTree = "<group>"; };
		1ABAE13B26B829C30050BEFF /* iOS Demo.app */ = {isa = PBXFileReference; explicitFileType = wrapper.application; includeInIndex = 0; path = "iOS Demo.app"; sourceTree = BUILT_PRODUCTS_DIR; };
		1ABAE13E26B829C30050BEFF /* AppDelegate.swift */ = {isa = PBXFileReference; lastKnownFileType = sourcecode.swift; path = AppDelegate.swift; sourceTree = "<group>"; };
		1ABAE14026B829C30050BEFF /* SceneDelegate.swift */ = {isa = PBXFileReference; lastKnownFileType = sourcecode.swift; path = SceneDelegate.swift; sourceTree = "<group>"; };
		1ABAE14226B829C30050BEFF /* ViewController.swift */ = {isa = PBXFileReference; lastKnownFileType = sourcecode.swift; path = ViewController.swift; sourceTree = "<group>"; };
		1ABAE14526B829C30050BEFF /* Base */ = {isa = PBXFileReference; lastKnownFileType = file.storyboard; name = Base; path = Base.lproj/Main.storyboard; sourceTree = "<group>"; };
		1ABAE14726B829C60050BEFF /* Assets.xcassets */ = {isa = PBXFileReference; lastKnownFileType = folder.assetcatalog; path = Assets.xcassets; sourceTree = "<group>"; };
		1ABAE14A26B829C60050BEFF /* Base */ = {isa = PBXFileReference; lastKnownFileType = file.storyboard; name = Base; path = Base.lproj/LaunchScreen.storyboard; sourceTree = "<group>"; };
		1ABAE14C26B829C60050BEFF /* Info.plist */ = {isa = PBXFileReference; lastKnownFileType = text.plist.xml; path = Info.plist; sourceTree = "<group>"; };
		1ABAE15126B829C60050BEFF /* iOS DemoTests.xctest */ = {isa = PBXFileReference; explicitFileType = wrapper.cfbundle; includeInIndex = 0; path = "iOS DemoTests.xctest"; sourceTree = BUILT_PRODUCTS_DIR; };
		1ABAE15526B829C60050BEFF /* Bitrise_iOS_Cocoapods_SampleTests.swift */ = {isa = PBXFileReference; lastKnownFileType = sourcecode.swift; path = Bitrise_iOS_Cocoapods_SampleTests.swift; sourceTree = "<group>"; };
		1ABAE15726B829C60050BEFF /* Info.plist */ = {isa = PBXFileReference; lastKnownFileType = text.plist.xml; path = Info.plist; sourceTree = "<group>"; };
		1ABAE15C26B829C60050BEFF /* iOS DemoUITests.xctest */ = {isa = PBXFileReference; explicitFileType = wrapper.cfbundle; includeInIndex = 0; path = "iOS DemoUITests.xctest"; sourceTree = BUILT_PRODUCTS_DIR; };
		1ABAE16026B829C60050BEFF /* Bitrise_iOS_Cocoapods_SampleUITests.swift */ = {isa = PBXFileReference; lastKnownFileType = sourcecode.swift; path = Bitrise_iOS_Cocoapods_SampleUITests.swift; sourceTree = "<group>"; };
		1ABAE16226B829C60050BEFF /* Info.plist */ = {isa = PBXFileReference; lastKnownFileType = text.plist.xml; path = Info.plist; sourceTree = "<group>"; };
		1ABAE16F26B83EFD0050BEFF /* WebHelper.swift */ = {isa = PBXFileReference; lastKnownFileType = sourcecode.swift; path = WebHelper.swift; sourceTree = "<group>"; };
		27271828AF2371677E023F25 /* Pods_iOS_DemoTests.framework */ = {isa = PBXFileReference; explicitFileType = wrapper.framework; includeInIndex = 0; path = Pods_iOS_DemoTests.framework; sourceTree = BUILT_PRODUCTS_DIR; };
		615D5B22810AEAE6AFDB3FAB /* Pods_iOS_Demo_iOS_DemoUITests.framework */ = {isa = PBXFileReference; explicitFileType = wrapper.framework; includeInIndex = 0; path = Pods_iOS_Demo_iOS_DemoUITests.framework; sourceTree = BUILT_PRODUCTS_DIR; };
		67FECD03FD579D882FD058BE /* Pods-iOS DemoTests.release.xcconfig */ = {isa = PBXFileReference; includeInIndex = 1; lastKnownFileType = text.xcconfig; name = "Pods-iOS DemoTests.release.xcconfig"; path = "Target Support Files/Pods-iOS DemoTests/Pods-iOS DemoTests.release.xcconfig"; sourceTree = "<group>"; };
		685D1CB4D322512780F10365 /* Pods-iOS Demo.release.xcconfig */ = {isa = PBXFileReference; includeInIndex = 1; lastKnownFileType = text.xcconfig; name = "Pods-iOS Demo.release.xcconfig"; path = "Target Support Files/Pods-iOS Demo/Pods-iOS Demo.release.xcconfig"; sourceTree = "<group>"; };
		6A718FFBCC98EC5AAC0B2722 /* Pods-iOS Demo-iOS DemoUITests.debug.xcconfig */ = {isa = PBXFileReference; includeInIndex = 1; lastKnownFileType = text.xcconfig; name = "Pods-iOS Demo-iOS DemoUITests.debug.xcconfig"; path = "Target Support Files/Pods-iOS Demo-iOS DemoUITests/Pods-iOS Demo-iOS DemoUITests.debug.xcconfig"; sourceTree = "<group>"; };
		9B934A07D44F445175B881D6 /* Pods-iOS Demo-iOS DemoUITests.release.xcconfig */ = {isa = PBXFileReference; includeInIndex = 1; lastKnownFileType = text.xcconfig; name = "Pods-iOS Demo-iOS DemoUITests.release.xcconfig"; path = "Target Support Files/Pods-iOS Demo-iOS DemoUITests/Pods-iOS Demo-iOS DemoUITests.release.xcconfig"; sourceTree = "<group>"; };
		9DECF13043BB908BFF46EB4D /* Pods_iOS_Demo.framework */ = {isa = PBXFileReference; explicitFileType = wrapper.framework; includeInIndex = 0; path = Pods_iOS_Demo.framework; sourceTree = BUILT_PRODUCTS_DIR; };
		A44B361774C8FCA2E4312CF2 /* Pods-iOS Demo.release.xcconfig */ = {isa = PBXFileReference; includeInIndex = 1; lastKnownFileType = text.xcconfig; name = "Pods-iOS Demo.release.xcconfig"; path = "Target Support Files/Pods-iOS Demo/Pods-iOS Demo.release.xcconfig"; sourceTree = "<group>"; };
		B207FD1DE78994D08EB648E0 /* Pods-iOS Demo.debug.xcconfig */ = {isa = PBXFileReference; includeInIndex = 1; lastKnownFileType = text.xcconfig; name = "Pods-iOS Demo.debug.xcconfig"; path = "Target Support Files/Pods-iOS Demo/Pods-iOS Demo.debug.xcconfig"; sourceTree = "<group>"; };
		B4F9B96A83BCC80C19398774 /* Pods-iOS Demo-iOS DemoUITests.debug.xcconfig */ = {isa = PBXFileReference; includeInIndex = 1; lastKnownFileType = text.xcconfig; name = "Pods-iOS Demo-iOS DemoUITests.debug.xcconfig"; path = "Target Support Files/Pods-iOS Demo-iOS DemoUITests/Pods-iOS Demo-iOS DemoUITests.debug.xcconfig"; sourceTree = "<group>"; };
		CB0D806568F2452C926F4733 /* Pods-iOS Demo.debug.xcconfig */ = {isa = PBXFileReference; includeInIndex = 1; lastKnownFileType = text.xcconfig; name = "Pods-iOS Demo.debug.xcconfig"; path = "Target Support Files/Pods-iOS Demo/Pods-iOS Demo.debug.xcconfig"; sourceTree = "<group>"; };
		D0934272FF94BB23B9894878 /* Pods-iOS DemoTests.debug.xcconfig */ = {isa = PBXFileReference; includeInIndex = 1; lastKnownFileType = text.xcconfig; name = "Pods-iOS DemoTests.debug.xcconfig"; path = "Target Support Files/Pods-iOS DemoTests/Pods-iOS DemoTests.debug.xcconfig"; sourceTree = "<group>"; };
		E4316D06826206AF8577F8FA /* Pods-iOS DemoTests.debug.xcconfig */ = {isa = PBXFileReference; includeInIndex = 1; lastKnownFileType = text.xcconfig; name = "Pods-iOS DemoTests.debug.xcconfig"; path = "Target Support Files/Pods-iOS DemoTests/Pods-iOS DemoTests.debug.xcconfig"; sourceTree = "<group>"; };
/* End PBXFileReference section */

/* Begin PBXFrameworksBuildPhase section */
		1ABAE13826B829C30050BEFF /* Frameworks */ = {
			isa = PBXFrameworksBuildPhase;
			buildActionMask = 2147483647;
			files = (
				0B12CA8CE6892A8CA463DFCB /* Pods_iOS_Demo.framework in Frameworks */,
			);
			runOnlyForDeploymentPostprocessing = 0;
		};
		1ABAE14E26B829C60050BEFF /* Frameworks */ = {
			isa = PBXFrameworksBuildPhase;
			buildActionMask = 2147483647;
			files = (
				B32FD27C3D6D4D4695D060EF /* Pods_iOS_DemoTests.framework in Frameworks */,
			);
			runOnlyForDeploymentPostprocessing = 0;
		};
		1ABAE15926B829C60050BEFF /* Frameworks */ = {
			isa = PBXFrameworksBuildPhase;
			buildActionMask = 2147483647;
			files = (
				B51CC0BF787A5DF43ACEDAAA /* Pods_iOS_Demo_iOS_DemoUITests.framework in Frameworks */,
			);
			runOnlyForDeploymentPostprocessing = 0;
		};
/* End PBXFrameworksBuildPhase section */

/* Begin PBXGroup section */
		1ABAE13226B829C30050BEFF = {
			isa = PBXGroup;
			children = (
				1ABAE13D26B829C30050BEFF /* iOS Demo */,
				1ABAE15426B829C60050BEFF /* iOS DemoTests */,
				1ABAE15F26B829C60050BEFF /* iOS DemoUITests */,
				1ABAE13C26B829C30050BEFF /* Products */,
				358BCAF05C3FFB1088A369DB /* Pods */,
				623D452389C653BD12791926 /* Frameworks */,
			);
			sourceTree = "<group>";
		};
		1ABAE13C26B829C30050BEFF /* Products */ = {
			isa = PBXGroup;
			children = (
				1ABAE13B26B829C30050BEFF /* iOS Demo.app */,
				1ABAE15126B829C60050BEFF /* iOS DemoTests.xctest */,
				1ABAE15C26B829C60050BEFF /* iOS DemoUITests.xctest */,
			);
			name = Products;
			sourceTree = "<group>";
		};
		1ABAE13D26B829C30050BEFF /* iOS Demo */ = {
			isa = PBXGroup;
			children = (
				1ABAE16E26B83EE20050BEFF /* Common */,
				1ABAE13E26B829C30050BEFF /* AppDelegate.swift */,
				1ABAE14026B829C30050BEFF /* SceneDelegate.swift */,
				1ABAE14226B829C30050BEFF /* ViewController.swift */,
				1ABAE14426B829C30050BEFF /* Main.storyboard */,
				1ABAE14726B829C60050BEFF /* Assets.xcassets */,
				1ABAE14926B829C60050BEFF /* LaunchScreen.storyboard */,
				1ABAE14C26B829C60050BEFF /* Info.plist */,
			);
			path = "iOS Demo";
			sourceTree = "<group>";
		};
		1ABAE15426B829C60050BEFF /* iOS DemoTests */ = {
			isa = PBXGroup;
			children = (
				1ABAE15526B829C60050BEFF /* Bitrise_iOS_Cocoapods_SampleTests.swift */,
				1ABAE15726B829C60050BEFF /* Info.plist */,
			);
			path = "iOS DemoTests";
			sourceTree = "<group>";
		};
		1ABAE15F26B829C60050BEFF /* iOS DemoUITests */ = {
			isa = PBXGroup;
			children = (
				1ABAE16026B829C60050BEFF /* Bitrise_iOS_Cocoapods_SampleUITests.swift */,
				1ABAE16226B829C60050BEFF /* Info.plist */,
			);
			path = "iOS DemoUITests";
			sourceTree = "<group>";
		};
		1ABAE16E26B83EE20050BEFF /* Common */ = {
			isa = PBXGroup;
			children = (
				1ABAE16F26B83EFD0050BEFF /* WebHelper.swift */,
			);
			path = Common;
			sourceTree = "<group>";
		};
		358BCAF05C3FFB1088A369DB /* Pods */ = {
			isa = PBXGroup;
			children = (
				CB0D806568F2452C926F4733 /* Pods-iOS Demo.debug.xcconfig */,
				A44B361774C8FCA2E4312CF2 /* Pods-iOS Demo.release.xcconfig */,
				6A718FFBCC98EC5AAC0B2722 /* Pods-iOS Demo-iOS DemoUITests.debug.xcconfig */,
				139D5BC77621F2BFF4355A98 /* Pods-iOS Demo-iOS DemoUITests.release.xcconfig */,
				D0934272FF94BB23B9894878 /* Pods-iOS DemoTests.debug.xcconfig */,
				67FECD03FD579D882FD058BE /* Pods-iOS DemoTests.release.xcconfig */,
				B207FD1DE78994D08EB648E0 /* Pods-iOS Demo.debug.xcconfig */,
				685D1CB4D322512780F10365 /* Pods-iOS Demo.release.xcconfig */,
				B4F9B96A83BCC80C19398774 /* Pods-iOS Demo-iOS DemoUITests.debug.xcconfig */,
				9B934A07D44F445175B881D6 /* Pods-iOS Demo-iOS DemoUITests.release.xcconfig */,
				E4316D06826206AF8577F8FA /* Pods-iOS DemoTests.debug.xcconfig */,
				1A9C0807BC95522863D5F2AD /* Pods-iOS DemoTests.release.xcconfig */,
			);
			path = Pods;
			sourceTree = "<group>";
		};
		623D452389C653BD12791926 /* Frameworks */ = {
			isa = PBXGroup;
			children = (
				9DECF13043BB908BFF46EB4D /* Pods_iOS_Demo.framework */,
				615D5B22810AEAE6AFDB3FAB /* Pods_iOS_Demo_iOS_DemoUITests.framework */,
				27271828AF2371677E023F25 /* Pods_iOS_DemoTests.framework */,
			);
			name = Frameworks;
			sourceTree = "<group>";
		};
/* End PBXGroup section */

/* Begin PBXNativeTarget section */
		1ABAE13A26B829C30050BEFF /* iOS Demo */ = {
			isa = PBXNativeTarget;
			buildConfigurationList = 1ABAE16526B829C60050BEFF /* Build configuration list for PBXNativeTarget "iOS Demo" */;
			buildPhases = (
				4E8B5B4CF4F714A634022283 /* [CP] Check Pods Manifest.lock */,
				1ABAE13726B829C30050BEFF /* Sources */,
				1ABAE13826B829C30050BEFF /* Frameworks */,
				1ABAE13926B829C30050BEFF /* Resources */,
				74E31BFB4FCB60A4507D83F6 /* [CP] Embed Pods Frameworks */,
			);
			buildRules = (
			);
			dependencies = (
			);
			name = "iOS Demo";
			productName = "iOS Demo";
			productReference = 1ABAE13B26B829C30050BEFF /* iOS Demo.app */;
			productType = "com.apple.product-type.application";
		};
		1ABAE15026B829C60050BEFF /* iOS DemoTests */ = {
			isa = PBXNativeTarget;
			buildConfigurationList = 1ABAE16826B829C60050BEFF /* Build configuration list for PBXNativeTarget "iOS DemoTests" */;
			buildPhases = (
				8E39906268A9A715CF0A163E /* [CP] Check Pods Manifest.lock */,
				1ABAE14D26B829C60050BEFF /* Sources */,
				1ABAE14E26B829C60050BEFF /* Frameworks */,
				1ABAE14F26B829C60050BEFF /* Resources */,
				A92800D2C6490CCFED2FF334 /* [CP] Embed Pods Frameworks */,
			);
			buildRules = (
			);
			dependencies = (
				1ABAE15326B829C60050BEFF /* PBXTargetDependency */,
			);
			name = "iOS DemoTests";
			productName = "iOS DemoTests";
			productReference = 1ABAE15126B829C60050BEFF /* iOS DemoTests.xctest */;
			productType = "com.apple.product-type.bundle.unit-test";
		};
		1ABAE15B26B829C60050BEFF /* iOS DemoUITests */ = {
			isa = PBXNativeTarget;
			buildConfigurationList = 1ABAE16B26B829C60050BEFF /* Build configuration list for PBXNativeTarget "iOS DemoUITests" */;
			buildPhases = (
				522C3AFFEDC336E44E8D8FC2 /* [CP] Check Pods Manifest.lock */,
				1ABAE15826B829C60050BEFF /* Sources */,
				1ABAE15926B829C60050BEFF /* Frameworks */,
				1ABAE15A26B829C60050BEFF /* Resources */,
				6E4F2CC1E74DB417361999CC /* [CP] Embed Pods Frameworks */,
			);
			buildRules = (
			);
			dependencies = (
				1ABAE15E26B829C60050BEFF /* PBXTargetDependency */,
			);
			name = "iOS DemoUITests";
			productName = "iOS DemoUITests";
			productReference = 1ABAE15C26B829C60050BEFF /* iOS DemoUITests.xctest */;
			productType = "com.apple.product-type.bundle.ui-testing";
		};
/* End PBXNativeTarget section */

/* Begin PBXProject section */
		1ABAE13326B829C30050BEFF /* Project object */ = {
			isa = PBXProject;
			attributes = {
				LastSwiftUpdateCheck = 1250;
				LastUpgradeCheck = 1250;
				TargetAttributes = {
					1ABAE13A26B829C30050BEFF = {
						CreatedOnToolsVersion = 12.5.1;
					};
					1ABAE15026B829C60050BEFF = {
						CreatedOnToolsVersion = 12.5.1;
						TestTargetID = 1ABAE13A26B829C30050BEFF;
					};
					1ABAE15B26B829C60050BEFF = {
						CreatedOnToolsVersion = 12.5.1;
						TestTargetID = 1ABAE13A26B829C30050BEFF;
					};
				};
			};
			buildConfigurationList = 1ABAE13626B829C30050BEFF /* Build configuration list for PBXProject "iOS Demo" */;
			compatibilityVersion = "Xcode 9.3";
			developmentRegion = en;
			hasScannedForEncodings = 0;
			knownRegions = (
				en,
				Base,
			);
			mainGroup = 1ABAE13226B829C30050BEFF;
			productRefGroup = 1ABAE13C26B829C30050BEFF /* Products */;
			projectDirPath = "";
			projectRoot = "";
			targets = (
				1ABAE15026B829C60050BEFF /* iOS DemoTests */,
				1ABAE13A26B829C30050BEFF /* iOS Demo */,
				1ABAE15B26B829C60050BEFF /* iOS DemoUITests */,
			);
		};
/* End PBXProject section */

/* Begin PBXResourcesBuildPhase section */
		1ABAE13926B829C30050BEFF /* Resources */ = {
			isa = PBXResourcesBuildPhase;
			buildActionMask = 2147483647;
			files = (
				1ABAE14B26B829C60050BEFF /* LaunchScreen.storyboard in Resources */,
				1ABAE14826B829C60050BEFF /* Assets.xcassets in Resources */,
				1ABAE14626B829C30050BEFF /* Main.storyboard in Resources */,
			);
			runOnlyForDeploymentPostprocessing = 0;
		};
		1ABAE14F26B829C60050BEFF /* Resources */ = {
			isa = PBXResourcesBuildPhase;
			buildActionMask = 2147483647;
			files = (
			);
			runOnlyForDeploymentPostprocessing = 0;
		};
		1ABAE15A26B829C60050BEFF /* Resources */ = {
			isa = PBXResourcesBuildPhase;
			buildActionMask = 2147483647;
			files = (
			);
			runOnlyForDeploymentPostprocessing = 0;
		};
/* End PBXResourcesBuildPhase section */

/* Begin PBXShellScriptBuildPhase section */
		4E8B5B4CF4F714A634022283 /* [CP] Check Pods Manifest.lock */ = {
			isa = PBXShellScriptBuildPhase;
			buildActionMask = 2147483647;
			files = (
			);
			inputFileListPaths = (
			);
			inputPaths = (
				"${PODS_PODFILE_DIR_PATH}/Podfile.lock",
				"${PODS_ROOT}/Manifest.lock",
			);
			name = "[CP] Check Pods Manifest.lock";
			outputFileListPaths = (
			);
			outputPaths = (
				"$(DERIVED_FILE_DIR)/Pods-iOS Demo-checkManifestLockResult.txt",
			);
			runOnlyForDeploymentPostprocessing = 0;
			shellPath = /bin/sh;
			shellScript = "diff \"${PODS_PODFILE_DIR_PATH}/Podfile.lock\" \"${PODS_ROOT}/Manifest.lock\" > /dev/null\nif [ $? != 0 ] ; then\n    # print error to STDERR\n    echo \"error: The sandbox is not in sync with the Podfile.lock. Run 'pod install' or update your CocoaPods installation.\" >&2\n    exit 1\nfi\n# This output is used by Xcode 'outputs' to avoid re-running this script phase.\necho \"SUCCESS\" > \"${SCRIPT_OUTPUT_FILE_0}\"\n";
			showEnvVarsInLog = 0;
		};
		522C3AFFEDC336E44E8D8FC2 /* [CP] Check Pods Manifest.lock */ = {
			isa = PBXShellScriptBuildPhase;
			buildActionMask = 2147483647;
			files = (
			);
			inputFileListPaths = (
			);
			inputPaths = (
				"${PODS_PODFILE_DIR_PATH}/Podfile.lock",
				"${PODS_ROOT}/Manifest.lock",
			);
			name = "[CP] Check Pods Manifest.lock";
			outputFileListPaths = (
			);
			outputPaths = (
				"$(DERIVED_FILE_DIR)/Pods-iOS Demo-iOS DemoUITests-checkManifestLockResult.txt",
			);
			runOnlyForDeploymentPostprocessing = 0;
			shellPath = /bin/sh;
			shellScript = "diff \"${PODS_PODFILE_DIR_PATH}/Podfile.lock\" \"${PODS_ROOT}/Manifest.lock\" > /dev/null\nif [ $? != 0 ] ; then\n    # print error to STDERR\n    echo \"error: The sandbox is not in sync with the Podfile.lock. Run 'pod install' or update your CocoaPods installation.\" >&2\n    exit 1\nfi\n# This output is used by Xcode 'outputs' to avoid re-running this script phase.\necho \"SUCCESS\" > \"${SCRIPT_OUTPUT_FILE_0}\"\n";
			showEnvVarsInLog = 0;
		};
		6E4F2CC1E74DB417361999CC /* [CP] Embed Pods Frameworks */ = {
			isa = PBXShellScriptBuildPhase;
			buildActionMask = 2147483647;
			files = (
			);
			inputFileListPaths = (
				"${PODS_ROOT}/Target Support Files/Pods-iOS Demo-iOS DemoUITests/Pods-iOS Demo-iOS DemoUITests-frameworks-${CONFIGURATION}-input-files.xcfilelist",
			);
			name = "[CP] Embed Pods Frameworks";
			outputFileListPaths = (
				"${PODS_ROOT}/Target Support Files/Pods-iOS Demo-iOS DemoUITests/Pods-iOS Demo-iOS DemoUITests-frameworks-${CONFIGURATION}-output-files.xcfilelist",
			);
			runOnlyForDeploymentPostprocessing = 0;
			shellPath = /bin/sh;
			shellScript = "\"${PODS_ROOT}/Target Support Files/Pods-iOS Demo-iOS DemoUITests/Pods-iOS Demo-iOS DemoUITests-frameworks.sh\"\n";
			showEnvVarsInLog = 0;
		};
		74E31BFB4FCB60A4507D83F6 /* [CP] Embed Pods Frameworks */ = {
			isa = PBXShellScriptBuildPhase;
			buildActionMask = 2147483647;
			files = (
			);
			inputFileListPaths = (
				"${PODS_ROOT}/Target Support Files/Pods-iOS Demo/Pods-iOS Demo-frameworks-${CONFIGURATION}-input-files.xcfilelist",
			);
			name = "[CP] Embed Pods Frameworks";
			outputFileListPaths = (
				"${PODS_ROOT}/Target Support Files/Pods-iOS Demo/Pods-iOS Demo-frameworks-${CONFIGURATION}-output-files.xcfilelist",
			);
			runOnlyForDeploymentPostprocessing = 0;
			shellPath = /bin/sh;
			shellScript = "\"${PODS_ROOT}/Target Support Files/Pods-iOS Demo/Pods-iOS Demo-frameworks.sh\"\n";
			showEnvVarsInLog = 0;
		};
		8E39906268A9A715CF0A163E /* [CP] Check Pods Manifest.lock */ = {
			isa = PBXShellScriptBuildPhase;
			buildActionMask = 2147483647;
			files = (
			);
			inputFileListPaths = (
			);
			inputPaths = (
				"${PODS_PODFILE_DIR_PATH}/Podfile.lock",
				"${PODS_ROOT}/Manifest.lock",
			);
			name = "[CP] Check Pods Manifest.lock";
			outputFileListPaths = (
			);
			outputPaths = (
				"$(DERIVED_FILE_DIR)/Pods-iOS DemoTests-checkManifestLockResult.txt",
			);
			runOnlyForDeploymentPostprocessing = 0;
			shellPath = /bin/sh;
			shellScript = "diff \"${PODS_PODFILE_DIR_PATH}/Podfile.lock\" \"${PODS_ROOT}/Manifest.lock\" > /dev/null\nif [ $? != 0 ] ; then\n    # print error to STDERR\n    echo \"error: The sandbox is not in sync with the Podfile.lock. Run 'pod install' or update your CocoaPods installation.\" >&2\n    exit 1\nfi\n# This output is used by Xcode 'outputs' to avoid re-running this script phase.\necho \"SUCCESS\" > \"${SCRIPT_OUTPUT_FILE_0}\"\n";
			showEnvVarsInLog = 0;
		};
		A92800D2C6490CCFED2FF334 /* [CP] Embed Pods Frameworks */ = {
			isa = PBXShellScriptBuildPhase;
			buildActionMask = 2147483647;
			files = (
			);
			inputFileListPaths = (
				"${PODS_ROOT}/Target Support Files/Pods-iOS DemoTests/Pods-iOS DemoTests-frameworks-${CONFIGURATION}-input-files.xcfilelist",
			);
			name = "[CP] Embed Pods Frameworks";
			outputFileListPaths = (
				"${PODS_ROOT}/Target Support Files/Pods-iOS DemoTests/Pods-iOS DemoTests-frameworks-${CONFIGURATION}-output-files.xcfilelist",
			);
			runOnlyForDeploymentPostprocessing = 0;
			shellPath = /bin/sh;
			shellScript = "\"${PODS_ROOT}/Target Support Files/Pods-iOS DemoTests/Pods-iOS DemoTests-frameworks.sh\"\n";
			showEnvVarsInLog = 0;
		};
/* End PBXShellScriptBuildPhase section */

/* Begin PBXSourcesBuildPhase section */
		1ABAE13726B829C30050BEFF /* Sources */ = {
			isa = PBXSourcesBuildPhase;
			buildActionMask = 2147483647;
			files = (
				1ABAE17026B83EFD0050BEFF /* WebHelper.swift in Sources */,
				1ABAE14326B829C30050BEFF /* ViewController.swift in Sources */,
				1ABAE13F26B829C30050BEFF /* AppDelegate.swift in Sources */,
				1ABAE14126B829C30050BEFF /* SceneDelegate.swift in Sources */,
			);
			runOnlyForDeploymentPostprocessing = 0;
		};
		1ABAE14D26B829C60050BEFF /* Sources */ = {
			isa = PBXSourcesBuildPhase;
			buildActionMask = 2147483647;
			files = (
				1ABAE17126B83EFD0050BEFF /* WebHelper.swift in Sources */,
				1ABAE15626B829C60050BEFF /* Bitrise_iOS_Cocoapods_SampleTests.swift in Sources */,
			);
			runOnlyForDeploymentPostprocessing = 0;
		};
		1ABAE15826B829C60050BEFF /* Sources */ = {
			isa = PBXSourcesBuildPhase;
			buildActionMask = 2147483647;
			files = (
				1ABAE17226B83EFD0050BEFF /* WebHelper.swift in Sources */,
				1ABAE16126B829C60050BEFF /* Bitrise_iOS_Cocoapods_SampleUITests.swift in Sources */,
			);
			runOnlyForDeploymentPostprocessing = 0;
		};
/* End PBXSourcesBuildPhase section */

/* Begin PBXTargetDependency section */
		1ABAE15326B829C60050BEFF /* PBXTargetDependency */ = {
			isa = PBXTargetDependency;
			target = 1ABAE13A26B829C30050BEFF /* iOS Demo */;
			targetProxy = 1ABAE15226B829C60050BEFF /* PBXContainerItemProxy */;
		};
		1ABAE15E26B829C60050BEFF /* PBXTargetDependency */ = {
			isa = PBXTargetDependency;
			target = 1ABAE13A26B829C30050BEFF /* iOS Demo */;
			targetProxy = 1ABAE15D26B829C60050BEFF /* PBXContainerItemProxy */;
		};
/* End PBXTargetDependency section */

/* Begin PBXVariantGroup section */
		1ABAE14426B829C30050BEFF /* Main.storyboard */ = {
			isa = PBXVariantGroup;
			children = (
				1ABAE14526B829C30050BEFF /* Base */,
			);
			name = Main.storyboard;
			sourceTree = "<group>";
		};
		1ABAE14926B829C60050BEFF /* LaunchScreen.storyboard */ = {
			isa = PBXVariantGroup;
			children = (
				1ABAE14A26B829C60050BEFF /* Base */,
			);
			name = LaunchScreen.storyboard;
			sourceTree = "<group>";
		};
/* End PBXVariantGroup section */

/* Begin XCBuildConfiguration section */
		1ABAE16326B829C60050BEFF /* Debug */ = {
			isa = XCBuildConfiguration;
			buildSettings = {
				ALWAYS_SEARCH_USER_PATHS = NO;
				CLANG_ANALYZER_NONNULL = YES;
				CLANG_ANALYZER_NUMBER_OBJECT_CONVERSION = YES_AGGRESSIVE;
				CLANG_CXX_LANGUAGE_STANDARD = "gnu++14";
				CLANG_CXX_LIBRARY = "libc++";
				CLANG_ENABLE_MODULES = YES;
				CLANG_ENABLE_OBJC_ARC = YES;
				CLANG_ENABLE_OBJC_WEAK = YES;
				CLANG_WARN_BLOCK_CAPTURE_AUTORELEASING = YES;
				CLANG_WARN_BOOL_CONVERSION = YES;
				CLANG_WARN_COMMA = YES;
				CLANG_WARN_CONSTANT_CONVERSION = YES;
				CLANG_WARN_DEPRECATED_OBJC_IMPLEMENTATIONS = YES;
				CLANG_WARN_DIRECT_OBJC_ISA_USAGE = YES_ERROR;
				CLANG_WARN_DOCUMENTATION_COMMENTS = YES;
				CLANG_WARN_EMPTY_BODY = YES;
				CLANG_WARN_ENUM_CONVERSION = YES;
				CLANG_WARN_INFINITE_RECURSION = YES;
				CLANG_WARN_INT_CONVERSION = YES;
				CLANG_WARN_NON_LITERAL_NULL_CONVERSION = YES;
				CLANG_WARN_OBJC_IMPLICIT_RETAIN_SELF = YES;
				CLANG_WARN_OBJC_LITERAL_CONVERSION = YES;
				CLANG_WARN_OBJC_ROOT_CLASS = YES_ERROR;
				CLANG_WARN_QUOTED_INCLUDE_IN_FRAMEWORK_HEADER = YES;
				CLANG_WARN_RANGE_LOOP_ANALYSIS = YES;
				CLANG_WARN_STRICT_PROTOTYPES = YES;
				CLANG_WARN_SUSPICIOUS_MOVE = YES;
				CLANG_WARN_UNGUARDED_AVAILABILITY = YES_AGGRESSIVE;
				CLANG_WARN_UNREACHABLE_CODE = YES;
				CLANG_WARN__DUPLICATE_METHOD_MATCH = YES;
				COPY_PHASE_STRIP = NO;
				DEBUG_INFORMATION_FORMAT = dwarf;
				ENABLE_STRICT_OBJC_MSGSEND = YES;
				ENABLE_TESTABILITY = YES;
				GCC_C_LANGUAGE_STANDARD = gnu11;
				GCC_DYNAMIC_NO_PIC = NO;
				GCC_NO_COMMON_BLOCKS = YES;
				GCC_OPTIMIZATION_LEVEL = 0;
				GCC_PREPROCESSOR_DEFINITIONS = (
					"DEBUG=1",
					"$(inherited)",
				);
				GCC_WARN_64_TO_32_BIT_CONVERSION = YES;
				GCC_WARN_ABOUT_RETURN_TYPE = YES_ERROR;
				GCC_WARN_UNDECLARED_SELECTOR = YES;
				GCC_WARN_UNINITIALIZED_AUTOS = YES_AGGRESSIVE;
				GCC_WARN_UNUSED_FUNCTION = YES;
				GCC_WARN_UNUSED_VARIABLE = YES;
				IPHONEOS_DEPLOYMENT_TARGET = 14.5;
				MTL_ENABLE_DEBUG_INFO = INCLUDE_SOURCE;
				MTL_FAST_MATH = YES;
				ONLY_ACTIVE_ARCH = YES;
				SDKROOT = iphoneos;
				SWIFT_ACTIVE_COMPILATION_CONDITIONS = DEBUG;
				SWIFT_OPTIMIZATION_LEVEL = "-Onone";
			};
			name = Debug;
		};
		1ABAE16426B829C60050BEFF /* Release */ = {
			isa = XCBuildConfiguration;
			buildSettings = {
				ALWAYS_SEARCH_USER_PATHS = NO;
				CLANG_ANALYZER_NONNULL = YES;
				CLANG_ANALYZER_NUMBER_OBJECT_CONVERSION = YES_AGGRESSIVE;
				CLANG_CXX_LANGUAGE_STANDARD = "gnu++14";
				CLANG_CXX_LIBRARY = "libc++";
				CLANG_ENABLE_MODULES = YES;
				CLANG_ENABLE_OBJC_ARC = YES;
				CLANG_ENABLE_OBJC_WEAK = YES;
				CLANG_WARN_BLOCK_CAPTURE_AUTORELEASING = YES;
				CLANG_WARN_BOOL_CONVERSION = YES;
				CLANG_WARN_COMMA = YES;
				CLANG_WARN_CONSTANT_CONVERSION = YES;
				CLANG_WARN_DEPRECATED_OBJC_IMPLEMENTATIONS = YES;
				CLANG_WARN_DIRECT_OBJC_ISA_USAGE = YES_ERROR;
				CLANG_WARN_DOCUMENTATION_COMMENTS = YES;
				CLANG_WARN_EMPTY_BODY = YES;
				CLANG_WARN_ENUM_CONVERSION = YES;
				CLANG_WARN_INFINITE_RECURSION = YES;
				CLANG_WARN_INT_CONVERSION = YES;
				CLANG_WARN_NON_LITERAL_NULL_CONVERSION = YES;
				CLANG_WARN_OBJC_IMPLICIT_RETAIN_SELF = YES;
				CLANG_WARN_OBJC_LITERAL_CONVERSION = YES;
				CLANG_WARN_OBJC_ROOT_CLASS = YES_ERROR;
				CLANG_WARN_QUOTED_INCLUDE_IN_FRAMEWORK_HEADER = YES;
				CLANG_WARN_RANGE_LOOP_ANALYSIS = YES;
				CLANG_WARN_STRICT_PROTOTYPES = YES;
				CLANG_WARN_SUSPICIOUS_MOVE = YES;
				CLANG_WARN_UNGUARDED_AVAILABILITY = YES_AGGRESSIVE;
				CLANG_WARN_UNREACHABLE_CODE = YES;
				CLANG_WARN__DUPLICATE_METHOD_MATCH = YES;
				CODE_SIGN_IDENTITY = "Apple Distribution";
				CODE_SIGN_STYLE = Manual;
				COPY_PHASE_STRIP = NO;
				DEBUG_INFORMATION_FORMAT = "dwarf-with-dsym";
				DEVELOPMENT_TEAM = 72SA8V3WYL;
				ENABLE_NS_ASSERTIONS = NO;
				ENABLE_STRICT_OBJC_MSGSEND = YES;
				GCC_C_LANGUAGE_STANDARD = gnu11;
				GCC_NO_COMMON_BLOCKS = YES;
				GCC_WARN_64_TO_32_BIT_CONVERSION = YES;
				GCC_WARN_ABOUT_RETURN_TYPE = YES_ERROR;
				GCC_WARN_UNDECLARED_SELECTOR = YES;
				GCC_WARN_UNINITIALIZED_AUTOS = YES_AGGRESSIVE;
				GCC_WARN_UNUSED_FUNCTION = YES;
				GCC_WARN_UNUSED_VARIABLE = YES;
				IPHONEOS_DEPLOYMENT_TARGET = 14.5;
				MTL_ENABLE_DEBUG_INFO = NO;
				MTL_FAST_MATH = YES;
				SDKROOT = iphoneos;
				SWIFT_COMPILATION_MODE = wholemodule;
				SWIFT_OPTIMIZATION_LEVEL = "-O";
				VALIDATE_PRODUCT = YES;
			};
			name = Release;
		};
		1ABAE16626B829C60050BEFF /* Debug */ = {
			isa = XCBuildConfiguration;
			baseConfigurationReference = B207FD1DE78994D08EB648E0 /* Pods-iOS Demo.debug.xcconfig */;
			buildSettings = {
				ASSETCATALOG_COMPILER_APPICON_NAME = AppIcon;
				ASSETCATALOG_COMPILER_GLOBAL_ACCENT_COLOR_NAME = AccentColor;
				CODE_SIGN_IDENTITY = "iPhone Developer";
				CODE_SIGN_STYLE = Manual;
				DEVELOPMENT_TEAM = 72SA8V3WYL;
				INFOPLIST_FILE = "iOS Demo/Info.plist";
				LD_RUNPATH_SEARCH_PATHS = (
					"$(inherited)",
					"@executable_path/Frameworks",
				);
				PRODUCT_BUNDLE_IDENTIFIER = "com.bitrise.sample.iOS Demo";
				PRODUCT_NAME = "$(TARGET_NAME)";
				PROVISIONING_PROFILE_SPECIFIER = "Bitrise-iOS-Sample-Wildcard-Dev";
				SWIFT_VERSION = 5.0;
				TARGETED_DEVICE_FAMILY = "1,2";
			};
			name = Debug;
		};
		1ABAE16726B829C60050BEFF /* Release */ = {
			isa = XCBuildConfiguration;
			baseConfigurationReference = 685D1CB4D322512780F10365 /* Pods-iOS Demo.release.xcconfig */;
			buildSettings = {
				ASSETCATALOG_COMPILER_APPICON_NAME = AppIcon;
				ASSETCATALOG_COMPILER_GLOBAL_ACCENT_COLOR_NAME = AccentColor;
				CODE_SIGN_IDENTITY = "iPhone Developer";
				CODE_SIGN_STYLE = Manual;
				DEVELOPMENT_TEAM = 72SA8V3WYL;
				INFOPLIST_FILE = "iOS Demo/Info.plist";
				LD_RUNPATH_SEARCH_PATHS = (
					"$(inherited)",
					"@executable_path/Frameworks",
				);
				PRODUCT_BUNDLE_IDENTIFIER = "com.bitrise.sample.iOS Demo";
				PRODUCT_NAME = "$(TARGET_NAME)";
				PROVISIONING_PROFILE_SPECIFIER = "Bitrise-iOS-Sample-Wildcard-Dev";
				SWIFT_VERSION = 5.0;
				TARGETED_DEVICE_FAMILY = "1,2";
			};
			name = Release;
		};
		1ABAE16926B829C60050BEFF /* Debug */ = {
			isa = XCBuildConfiguration;
			baseConfigurationReference = E4316D06826206AF8577F8FA /* Pods-iOS DemoTests.debug.xcconfig */;
			buildSettings = {
				ALWAYS_EMBED_SWIFT_STANDARD_LIBRARIES = YES;
				BUNDLE_LOADER = "$(TEST_HOST)";
				CODE_SIGN_IDENTITY = "iPhone Developer";
				"CODE_SIGN_IDENTITY[sdk=macosx*]" = "iPhone Developer";
				CODE_SIGN_STYLE = Manual;
				DEVELOPMENT_TEAM = 72SA8V3WYL;
				INFOPLIST_FILE = "iOS DemoTests/Info.plist";
				IPHONEOS_DEPLOYMENT_TARGET = 14.5;
				LD_RUNPATH_SEARCH_PATHS = (
					"$(inherited)",
					"@executable_path/Frameworks",
					"@loader_path/Frameworks",
				);
				PRODUCT_BUNDLE_IDENTIFIER = "com.bitrise.sample.iOS DemoTests";
				PRODUCT_NAME = "$(TARGET_NAME)";
				PROVISIONING_PROFILE_SPECIFIER = "";
				"PROVISIONING_PROFILE_SPECIFIER[sdk=macosx*]" = "";
				SWIFT_VERSION = 5.0;
				TARGETED_DEVICE_FAMILY = "1,2";
				TEST_HOST = "$(BUILT_PRODUCTS_DIR)/iOS Demo.app/iOS Demo";
			};
			name = Debug;
		};
		1ABAE16A26B829C60050BEFF /* Release */ = {
			isa = XCBuildConfiguration;
			baseConfigurationReference = 1A9C0807BC95522863D5F2AD /* Pods-iOS DemoTests.release.xcconfig */;
			buildSettings = {
				ALWAYS_EMBED_SWIFT_STANDARD_LIBRARIES = YES;
				BUNDLE_LOADER = "$(TEST_HOST)";
				CODE_SIGN_IDENTITY = "iPhone Developer";
				"CODE_SIGN_IDENTITY[sdk=macosx*]" = "iPhone Developer";
				CODE_SIGN_STYLE = Manual;
				DEVELOPMENT_TEAM = 72SA8V3WYL;
				INFOPLIST_FILE = "iOS DemoTests/Info.plist";
				IPHONEOS_DEPLOYMENT_TARGET = 14.5;
				LD_RUNPATH_SEARCH_PATHS = (
					"$(inherited)",
					"@executable_path/Frameworks",
					"@loader_path/Frameworks",
				);
				PRODUCT_BUNDLE_IDENTIFIER = "com.bitrise.sample.iOS DemoTests";
				PRODUCT_NAME = "$(TARGET_NAME)";
				PROVISIONING_PROFILE_SPECIFIER = "";
				"PROVISIONING_PROFILE_SPECIFIER[sdk=macosx*]" = "";
				SWIFT_VERSION = 5.0;
				TARGETED_DEVICE_FAMILY = "1,2";
				TEST_HOST = "$(BUILT_PRODUCTS_DIR)/iOS Demo.app/iOS Demo";
			};
			name = Release;
		};
		1ABAE16C26B829C60050BEFF /* Debug */ = {
			isa = XCBuildConfiguration;
			baseConfigurationReference = B4F9B96A83BCC80C19398774 /* Pods-iOS Demo-iOS DemoUITests.debug.xcconfig */;
			buildSettings = {
				ALWAYS_EMBED_SWIFT_STANDARD_LIBRARIES = YES;
				CODE_SIGN_IDENTITY = "iPhone Developer";
				"CODE_SIGN_IDENTITY[sdk=macosx*]" = "Apple Development";
				CODE_SIGN_STYLE = Manual;
				DEVELOPMENT_TEAM = 72SA8V3WYL;
				INFOPLIST_FILE = "iOS DemoUITests/Info.plist";
				LD_RUNPATH_SEARCH_PATHS = (
					"$(inherited)",
					"@executable_path/Frameworks",
					"@loader_path/Frameworks",
				);
				PRODUCT_BUNDLE_IDENTIFIER = "com.bitrise.sample.iOS DemoUITests";
				PRODUCT_NAME = "$(TARGET_NAME)";
				PROVISIONING_PROFILE = "";
				PROVISIONING_PROFILE_SPECIFIER = "Bitrise-iOS-Sample-Wildcard-Dev";
				"PROVISIONING_PROFILE_SPECIFIER[sdk=macosx*]" = "";
				SWIFT_VERSION = 5.0;
				TARGETED_DEVICE_FAMILY = "1,2";
				TEST_TARGET_NAME = "iOS Demo";
			};
			name = Debug;
		};
		1ABAE16D26B829C60050BEFF /* Release */ = {
			isa = XCBuildConfiguration;
			baseConfigurationReference = 9B934A07D44F445175B881D6 /* Pods-iOS Demo-iOS DemoUITests.release.xcconfig */;
			buildSettings = {
				ALWAYS_EMBED_SWIFT_STANDARD_LIBRARIES = YES;
				CODE_SIGN_IDENTITY = "iPhone Developer";
				"CODE_SIGN_IDENTITY[sdk=macosx*]" = "Apple Development";
				CODE_SIGN_STYLE = Manual;
				DEVELOPMENT_TEAM = 72SA8V3WYL;
				INFOPLIST_FILE = "iOS DemoUITests/Info.plist";
				LD_RUNPATH_SEARCH_PATHS = (
					"$(inherited)",
					"@executable_path/Frameworks",
					"@loader_path/Frameworks",
				);
				PRODUCT_BUNDLE_IDENTIFIER = "com.bitrise.sample.iOS DemoUITests";
				PRODUCT_NAME = "$(TARGET_NAME)";
				PROVISIONING_PROFILE = "";
				PROVISIONING_PROFILE_SPECIFIER = "Bitrise-iOS-Sample-Wildcard-Dev";
				"PROVISIONING_PROFILE_SPECIFIER[sdk=macosx*]" = "";
				SWIFT_VERSION = 5.0;
				TARGETED_DEVICE_FAMILY = "1,2";
				TEST_TARGET_NAME = "iOS Demo";
			};
			name = Release;
		};
/* End XCBuildConfiguration section */

/* Begin XCConfigurationList section */
		1ABAE13626B829C30050BEFF /* Build configuration list for PBXProject "iOS Demo" */ = {
			isa = XCConfigurationList;
			buildConfigurations = (
				1ABAE16326B829C60050BEFF /* Debug */,
				1ABAE16426B829C60050BEFF /* Release */,
			);
			defaultConfigurationIsVisible = 0;
			defaultConfigurationName = Release;
		};
		1ABAE16526B829C60050BEFF /* Build configuration list for PBXNativeTarget "iOS Demo" */ = {
			isa = XCConfigurationList;
			buildConfigurations = (
				1ABAE16626B829C60050BEFF /* Debug */,
				1ABAE16726B829C60050BEFF /* Release */,
			);
			defaultConfigurationIsVisible = 0;
			defaultConfigurationName = Release;
		};
		1ABAE16826B829C60050BEFF /* Build configuration list for PBXNativeTarget "iOS DemoTests" */ = {
			isa = XCConfigurationList;
			buildConfigurations = (
				1ABAE16926B829C60050BEFF /* Debug */,
				1ABAE16A26B829C60050BEFF /* Release */,
			);
			defaultConfigurationIsVisible = 0;
			defaultConfigurationName = Release;
		};
		1ABAE16B26B829C60050BEFF /* Build configuration list for PBXNativeTarget "iOS DemoUITests" */ = {
			isa = XCConfigurationList;
			buildConfigurations = (
				1ABAE16C26B829C60050BEFF /* Debug */,
				1ABAE16D26B829C60050BEFF /* Release */,
			);
			defaultConfigurationIsVisible = 0;
			defaultConfigurationName = Release;
		};
/* End XCConfigurationList section */
	};
	rootObject = 1ABAE13326B829C30050BEFF /* Project object */;
}
